
Microsoft Visual Studio Solution File, Format Version 12.00
# Visual Studio Version 16
VisualStudioVersion = 16.0.31911.196
MinimumVisualStudioVersion = 10.0.40219.1
Project("{FAE04EC0-301F-11D3-BF4B-00C04F79EFBC}") = "PluginCopyGroup", "PluginCopyGroup.csproj", "{A25A6CD7-709A-49C3-BC33-5B5FC6DAF054}"
EndProject
Global
	GlobalSection(SolutionConfigurationPlatforms) = preSolution
		Debug|Any CPU = Debug|Any CPU
		Release|Any CPU = Release|Any CPU
	EndGlobalSection
	GlobalSection(ProjectConfigurationPlatforms) = postSolution
		{A25A6CD7-709A-49C3-BC33-5B5FC6DAF054}.Debug|Any CPU.ActiveCfg = Debug|Any CPU
		{A25A6CD7-709A-49C3-BC33-5B5FC6DAF054}.Debug|Any CPU.Build.0 = Debug|Any CPU
		{A25A6CD7-709A-49C3-BC33-5B5FC6DAF054}.Release|Any CPU.ActiveCfg = Release|Any CPU
		{A25A6CD7-709A-49C3-BC33-5B5FC6DAF054}.Release|Any CPU.Build.0 = Release|Any CPU
	EndGlobalSection
	GlobalSection(SolutionProperties) = preSolution
		HideSolutionNode = FALSE
	EndGlobalSection
	GlobalSection(ExtensibilityGlobals) = postSolution
		SolutionGuid = {954C24A1-7E26-47F7-A40A-A42275CA589C}
	EndGlobalSection
EndGlobal
